
Microsoft Visual Studio Solution File, Format Version 12.00
# Visual Studio Version 17
VisualStudioVersion = 17.11.35222.181
MinimumVisualStudioVersion = 10.0.40219.1
Project("{9A19103F-16F7-4668-BE54-9A1E7A4F7556}") = "WebApp_UnderTheHood", "WebApp_UnderTheHood\WebApp_UnderTheHood.csproj", "{40951A2E-655A-48A6-ACDC-0BC8B72640D1}"
EndProject
Project("{9A19103F-16F7-4668-BE54-9A1E7A4F7556}") = "WebApi", "WebApi\WebApi.csproj", "{90D3DD4E-8089-44E2-B66B-F95ED57BA4CA}"
EndProject
Project("{FAE04EC0-301F-11D3-BF4B-00C04F79EFBC}") = "WebApp", "WebApp\WebApp.csproj", "{EA4E0C24-5B8F-44E8-A39B-3CC5B67CD322}"
EndProject
Global
	GlobalSection(SolutionConfigurationPlatforms) = preSolution
		Debug|Any CPU = Debug|Any CPU
		Release|Any CPU = Release|Any CPU
	EndGlobalSection
	GlobalSection(ProjectConfigurationPlatforms) = postSolution
		{40951A2E-655A-48A6-ACDC-0BC8B72640D1}.Debug|Any CPU.ActiveCfg = Debug|Any CPU
		{40951A2E-655A-48A6-ACDC-0BC8B72640D1}.Debug|Any CPU.Build.0 = Debug|Any CPU
		{40951A2E-655A-48A6-ACDC-0BC8B72640D1}.Release|Any CPU.ActiveCfg = Release|Any CPU
		{40951A2E-655A-48A6-ACDC-0BC8B72640D1}.Release|Any CPU.Build.0 = Release|Any CPU
		{90D3DD4E-8089-44E2-B66B-F95ED57BA4CA}.Debug|Any CPU.ActiveCfg = Debug|Any CPU
		{90D3DD4E-8089-44E2-B66B-F95ED57BA4CA}.Debug|Any CPU.Build.0 = Debug|Any CPU
		{90D3DD4E-8089-44E2-B66B-F95ED57BA4CA}.Release|Any CPU.ActiveCfg = Release|Any CPU
		{90D3DD4E-8089-44E2-B66B-F95ED57BA4CA}.Release|Any CPU.Build.0 = Release|Any CPU
		{EA4E0C24-5B8F-44E8-A39B-3CC5B67CD322}.Debug|Any CPU.ActiveCfg = Debug|Any CPU
		{EA4E0C24-5B8F-44E8-A39B-3CC5B67CD322}.Debug|Any CPU.Build.0 = Debug|Any CPU
		{EA4E0C24-5B8F-44E8-A39B-3CC5B67CD322}.Release|Any CPU.ActiveCfg = Release|Any CPU
		{EA4E0C24-5B8F-44E8-A39B-3CC5B67CD322}.Release|Any CPU.Build.0 = Release|Any CPU
	EndGlobalSection
	GlobalSection(SolutionProperties) = preSolution
		HideSolutionNode = FALSE
	EndGlobalSection
	GlobalSection(ExtensibilityGlobals) = postSolution
		SolutionGuid = {4BA1D77F-AA76-4156-8BFA-06E6EB66E45A}
	EndGlobalSection
EndGlobal
